// !$*UTF8*$!
{
	archiveVersion = 1;
	classes = {
	};
	objectVersion = 55;
	objects = {

/* Begin PBXBuildFile section */
		BF02FE892871E44700C0684C /* AsyncAlgorithmsApp.swift in Sources */ = {isa = PBXBuildFile; fileRef = BF02FE882871E44700C0684C /* AsyncAlgorithmsApp.swift */; };
		BF02FE8B2871E44700C0684C /* MoviesView.swift in Sources */ = {isa = PBXBuildFile; fileRef = BF02FE8A2871E44700C0684C /* MoviesView.swift */; };
		BF02FE8D2871E44800C0684C /* Assets.xcassets in Resources */ = {isa = PBXBuildFile; fileRef = BF02FE8C2871E44800C0684C /* Assets.xcassets */; };
		BF02FE902871E44800C0684C /* Preview Assets.xcassets in Resources */ = {isa = PBXBuildFile; fileRef = BF02FE8F2871E44800C0684C /* Preview Assets.xcassets */; };
		BF02FE972871E48700C0684C /* Model.swift in Sources */ = {isa = PBXBuildFile; fileRef = BF02FE962871E48700C0684C /* Model.swift */; };
		BF02FE992871E56B00C0684C /* MoviesViewModel.swift in Sources */ = {isa = PBXBuildFile; fileRef = BF02FE982871E56B00C0684C /* MoviesViewModel.swift */; };
		BF4DF4492879FED700A0A56B /* LoginView.swift in Sources */ = {isa = PBXBuildFile; fileRef = BF4DF4482879FED700A0A56B /* LoginView.swift */; };
		BF4DF44B2879FEE400A0A56B /* LoginViewModel.swift in Sources */ = {isa = PBXBuildFile; fileRef = BF4DF44A2879FEE400A0A56B /* LoginViewModel.swift */; };
		BFA673B52871EEF2005482C7 /* MovieDetailsViewModel.swift in Sources */ = {isa = PBXBuildFile; fileRef = BFA673B42871EEF2005482C7 /* MovieDetailsViewModel.swift */; };
		BFA673B72871EF0D005482C7 /* MovieDetailsView.swift in Sources */ = {isa = PBXBuildFile; fileRef = BFA673B62871EF0D005482C7 /* MovieDetailsView.swift */; };
		BFA673BC2871F503005482C7 /* EventsViewModel.swift in Sources */ = {isa = PBXBuildFile; fileRef = BFA673BB2871F503005482C7 /* EventsViewModel.swift */; };
		BFA673BE2871F50B005482C7 /* EventsView.swift in Sources */ = {isa = PBXBuildFile; fileRef = BFA673BD2871F50B005482C7 /* EventsView.swift */; };
/* End PBXBuildFile section */

/* Begin PBXFileReference section */
		BF02FE852871E44700C0684C /* AsyncAlgorithms.app */ = {isa = PBXFileReference; explicitFileType = wrapper.application; includeInIndex = 0; path = AsyncAlgorithms.app; sourceTree = BUILT_PRODUCTS_DIR; };
		BF02FE882871E44700C0684C /* AsyncAlgorithmsApp.swift */ = {isa = PBXFileReference; lastKnownFileType = sourcecode.swift; path = AsyncAlgorithmsApp.swift; sourceTree = "<group>"; };
		BF02FE8A2871E44700C0684C /* MoviesView.swift */ = {isa = PBXFileReference; lastKnownFileType = sourcecode.swift; path = MoviesView.swift; sourceTree = "<group>"; };
		BF02FE8C2871E44800C0684C /* Assets.xcassets */ = {isa = PBXFileReference; lastKnownFileType = folder.assetcatalog; path = Assets.xcassets; sourceTree = "<group>"; };
		BF02FE8F2871E44800C0684C /* Preview Assets.xcassets */ = {isa = PBXFileReference; lastKnownFileType = folder.assetcatalog; path = "Preview Assets.xcassets"; sourceTree = "<group>"; };
		BF02FE962871E48700C0684C /* Model.swift */ = {isa = PBXFileReference; lastKnownFileType = sourcecode.swift; path = Model.swift; sourceTree = "<group>"; };
		BF02FE982871E56B00C0684C /* MoviesViewModel.swift */ = {isa = PBXFileReference; lastKnownFileType = sourcecode.swift; path = MoviesViewModel.swift; sourceTree = "<group>"; };
		BF4DF4482879FED700A0A56B /* LoginView.swift */ = {isa = PBXFileReference; lastKnownFileType = sourcecode.swift; path = LoginView.swift; sourceTree = "<group>"; };
		BF4DF44A2879FEE400A0A56B /* LoginViewModel.swift */ = {isa = PBXFileReference; lastKnownFileType = sourcecode.swift; path = LoginViewModel.swift; sourceTree = "<group>"; };
		BFA673B42871EEF2005482C7 /* MovieDetailsViewModel.swift */ = {isa = PBXFileReference; lastKnownFileType = sourcecode.swift; path = MovieDetailsViewModel.swift; sourceTree = "<group>"; };
		BFA673B62871EF0D005482C7 /* MovieDetailsView.swift */ = {isa = PBXFileReference; lastKnownFileType = sourcecode.swift; path = MovieDetailsView.swift; sourceTree = "<group>"; };
		BFA673BB2871F503005482C7 /* EventsViewModel.swift */ = {isa = PBXFileReference; lastKnownFileType = sourcecode.swift; path = EventsViewModel.swift; sourceTree = "<group>"; };
		BFA673BD2871F50B005482C7 /* EventsView.swift */ = {isa = PBXFileReference; lastKnownFileType = sourcecode.swift; path = EventsView.swift; sourceTree = "<group>"; };
/* End PBXFileReference section */

/* Begin PBXFrameworksBuildPhase section */
		BF02FE822871E44700C0684C /* Frameworks */ = {
			isa = PBXFrameworksBuildPhase;
			buildActionMask = 2147483647;
			files = (
			);
			runOnlyForDeploymentPostprocessing = 0;
		};
/* End PBXFrameworksBuildPhase section */

/* Begin PBXGroup section */
		BF02FE7C2871E44700C0684C = {
			isa = PBXGroup;
			children = (
				BF02FE872871E44700C0684C /* AsyncAlgorithms */,
				BF02FE862871E44700C0684C /* Products */,
			);
			sourceTree = "<group>";
		};
		BF02FE862871E44700C0684C /* Products */ = {
			isa = PBXGroup;
			children = (
				BF02FE852871E44700C0684C /* AsyncAlgorithms.app */,
			);
			name = Products;
			sourceTree = "<group>";
		};
		BF02FE872871E44700C0684C /* AsyncAlgorithms */ = {
			isa = PBXGroup;
			children = (
				BF02FE882871E44700C0684C /* AsyncAlgorithmsApp.swift */,
				BF02FE962871E48700C0684C /* Model.swift */,
				BF4DF4472879FECB00A0A56B /* Login */,
				BFA673BF2871F77C005482C7 /* Events */,
				BFA673B32871EEE7005482C7 /* Movies */,
				BFA673B82871EF29005482C7 /* MovieDetails */,
				BF02FE8C2871E44800C0684C /* Assets.xcassets */,
				BF02FE8E2871E44800C0684C /* Preview Content */,
			);
			path = AsyncAlgorithms;
			sourceTree = "<group>";
		};
		BF02FE8E2871E44800C0684C /* Preview Content */ = {
			isa = PBXGroup;
			children = (
				BF02FE8F2871E44800C0684C /* Preview Assets.xcassets */,
			);
			path = "Preview Content";
			sourceTree = "<group>";
		};
		BF4DF4472879FECB00A0A56B /* Login */ = {
			isa = PBXGroup;
			children = (
				BF4DF4482879FED700A0A56B /* LoginView.swift */,
				BF4DF44A2879FEE400A0A56B /* LoginViewModel.swift */,
			);
			path = Login;
			sourceTree = "<group>";
		};
		BFA673B32871EEE7005482C7 /* Movies */ = {
			isa = PBXGroup;
			children = (
				BF02FE8A2871E44700C0684C /* MoviesView.swift */,
				BF02FE982871E56B00C0684C /* MoviesViewModel.swift */,
			);
			path = Movies;
			sourceTree = "<group>";
		};
		BFA673B82871EF29005482C7 /* MovieDetails */ = {
			isa = PBXGroup;
			children = (
				BFA673B62871EF0D005482C7 /* MovieDetailsView.swift */,
				BFA673B42871EEF2005482C7 /* MovieDetailsViewModel.swift */,
			);
			path = MovieDetails;
			sourceTree = "<group>";
		};
		BFA673BF2871F77C005482C7 /* Events */ = {
			isa = PBXGroup;
			children = (
				BFA673BD2871F50B005482C7 /* EventsView.swift */,
				BFA673BB2871F503005482C7 /* EventsViewModel.swift */,
			);
			path = Events;
			sourceTree = "<group>";
		};
/* End PBXGroup section */

/* Begin PBXNativeTarget section */
		BF02FE842871E44700C0684C /* AsyncAlgorithms */ = {
			isa = PBXNativeTarget;
			buildConfigurationList = BF02FE932871E44800C0684C /* Build configuration list for PBXNativeTarget "AsyncAlgorithms" */;
			buildPhases = (
				BF02FE812871E44700C0684C /* Sources */,
				BF02FE822871E44700C0684C /* Frameworks */,
				BF02FE832871E44700C0684C /* Resources */,
			);
			buildRules = (
			);
			dependencies = (
			);
			name = AsyncAlgorithms;
			productName = AsyncAlgorithms;
			productReference = BF02FE852871E44700C0684C /* AsyncAlgorithms.app */;
			productType = "com.apple.product-type.application";
		};
/* End PBXNativeTarget section */

/* Begin PBXProject section */
		BF02FE7D2871E44700C0684C /* Project object */ = {
			isa = PBXProject;
			attributes = {
				BuildIndependentTargetsInParallel = 1;
				LastSwiftUpdateCheck = 1400;
				LastUpgradeCheck = 1400;
				TargetAttributes = {
					BF02FE842871E44700C0684C = {
						CreatedOnToolsVersion = 14.0;
					};
				};
			};
			buildConfigurationList = BF02FE802871E44700C0684C /* Build configuration list for PBXProject "AsyncAlgorithms" */;
			compatibilityVersion = "Xcode 13.0";
			developmentRegion = en;
			hasScannedForEncodings = 0;
			knownRegions = (
				en,
				Base,
			);
			mainGroup = BF02FE7C2871E44700C0684C;
			productRefGroup = BF02FE862871E44700C0684C /* Products */;
			projectDirPath = "";
			projectRoot = "";
			targets = (
				BF02FE842871E44700C0684C /* AsyncAlgorithms */,
			);
		};
/* End PBXProject section */

/* Begin PBXResourcesBuildPhase section */
		BF02FE832871E44700C0684C /* Resources */ = {
			isa = PBXResourcesBuildPhase;
			buildActionMask = 2147483647;
			files = (
				BF02FE902871E44800C0684C /* Preview Assets.xcassets in Resources */,
				BF02FE8D2871E44800C0684C /* Assets.xcassets in Resources */,
			);
			runOnlyForDeploymentPostprocessing = 0;
		};
/* End PBXResourcesBuildPhase section */

/* Begin PBXSourcesBuildPhase section */
		BF02FE812871E44700C0684C /* Sources */ = {
			isa = PBXSourcesBuildPhase;
			buildActionMask = 2147483647;
			files = (
				BF02FE972871E48700C0684C /* Model.swift in Sources */,
				BFA673BC2871F503005482C7 /* EventsViewModel.swift in Sources */,
				BF02FE8B2871E44700C0684C /* MoviesView.swift in Sources */,
				BF4DF4492879FED700A0A56B /* LoginView.swift in Sources */,
				BFA673BE2871F50B005482C7 /* EventsView.swift in Sources */,
				BF02FE892871E44700C0684C /* AsyncAlgorithmsApp.swift in Sources */,
				BFA673B52871EEF2005482C7 /* MovieDetailsViewModel.swift in Sources */,
				BF02FE992871E56B00C0684C /* MoviesViewModel.swift in Sources */,
				BF4DF44B2879FEE400A0A56B /* LoginViewModel.swift in Sources */,
				BFA673B72871EF0D005482C7 /* MovieDetailsView.swift in Sources */,
			);
			runOnlyForDeploymentPostprocessing = 0;
		};
/* End PBXSourcesBuildPhase section */

/* Begin XCBuildConfiguration section */
		BF02FE912871E44800C0684C /* Debug */ = {
			isa = XCBuildConfiguration;
			buildSettings = {
				ALWAYS_SEARCH_USER_PATHS = NO;
				CLANG_ANALYZER_NONNULL = YES;
				CLANG_ANALYZER_NUMBER_OBJECT_CONVERSION = YES_AGGRESSIVE;
				CLANG_CXX_LANGUAGE_STANDARD = "gnu++17";
				CLANG_ENABLE_MODULES = YES;
				CLANG_ENABLE_OBJC_ARC = YES;
				CLANG_ENABLE_OBJC_WEAK = YES;
				CLANG_WARN_BLOCK_CAPTURE_AUTORELEASING = YES;
				CLANG_WARN_BOOL_CONVERSION = YES;
				CLANG_WARN_COMMA = YES;
				CLANG_WARN_CONSTANT_CONVERSION = YES;
				CLANG_WARN_DEPRECATED_OBJC_IMPLEMENTATIONS = YES;
				CLANG_WARN_DIRECT_OBJC_ISA_USAGE = YES_ERROR;
				CLANG_WARN_DOCUMENTATION_COMMENTS = YES;
				CLANG_WARN_EMPTY_BODY = YES;
				CLANG_WARN_ENUM_CONVERSION = YES;
				CLANG_WARN_INFINITE_RECURSION = YES;
				CLANG_WARN_INT_CONVERSION = YES;
				CLANG_WARN_NON_LITERAL_NULL_CONVERSION = YES;
				CLANG_WARN_OBJC_IMPLICIT_RETAIN_SELF = YES;
				CLANG_WARN_OBJC_LITERAL_CONVERSION = YES;
				CLANG_WARN_OBJC_ROOT_CLASS = YES_ERROR;
				CLANG_WARN_QUOTED_INCLUDE_IN_FRAMEWORK_HEADER = YES;
				CLANG_WARN_RANGE_LOOP_ANALYSIS = YES;
				CLANG_WARN_STRICT_PROTOTYPES = YES;
				CLANG_WARN_SUSPICIOUS_MOVE = YES;
				CLANG_WARN_UNGUARDED_AVAILABILITY = YES_AGGRESSIVE;
				CLANG_WARN_UNREACHABLE_CODE = YES;
				CLANG_WARN__DUPLICATE_METHOD_MATCH = YES;
				COPY_PHASE_STRIP = NO;
				DEBUG_INFORMATION_FORMAT = dwarf;
				ENABLE_STRICT_OBJC_MSGSEND = YES;
				ENABLE_TESTABILITY = YES;
				GCC_C_LANGUAGE_STANDARD = gnu11;
				GCC_DYNAMIC_NO_PIC = NO;
				GCC_NO_COMMON_BLOCKS = YES;
				GCC_OPTIMIZATION_LEVEL = 0;
				GCC_PREPROCESSOR_DEFINITIONS = (
					"DEBUG=1",
					"$(inherited)",
				);
				GCC_WARN_64_TO_32_BIT_CONVERSION = YES;
				GCC_WARN_ABOUT_RETURN_TYPE = YES_ERROR;
				GCC_WARN_UNDECLARED_SELECTOR = YES;
				GCC_WARN_UNINITIALIZED_AUTOS = YES_AGGRESSIVE;
				GCC_WARN_UNUSED_FUNCTION = YES;
				GCC_WARN_UNUSED_VARIABLE = YES;
				IPHONEOS_DEPLOYMENT_TARGET = 15.0;
				MTL_ENABLE_DEBUG_INFO = INCLUDE_SOURCE;
				MTL_FAST_MATH = YES;
				ONLY_ACTIVE_ARCH = YES;
				SDKROOT = iphoneos;
				SWIFT_ACTIVE_COMPILATION_CONDITIONS = DEBUG;
				SWIFT_OPTIMIZATION_LEVEL = "-Onone";
			};
			name = Debug;
		};
		BF02FE922871E44800C0684C /* Release */ = {
			isa = XCBuildConfiguration;
			buildSettings = {
				ALWAYS_SEARCH_USER_PATHS = NO;
				CLANG_ANALYZER_NONNULL = YES;
				CLANG_ANALYZER_NUMBER_OBJECT_CONVERSION = YES_AGGRESSIVE;
				CLANG_CXX_LANGUAGE_STANDARD = "gnu++17";
				CLANG_ENABLE_MODULES = YES;
				CLANG_ENABLE_OBJC_ARC = YES;
				CLANG_ENABLE_OBJC_WEAK = YES;
				CLANG_WARN_BLOCK_CAPTURE_AUTORELEASING = YES;
				CLANG_WARN_BOOL_CONVERSION = YES;
				CLANG_WARN_COMMA = YES;
				CLANG_WARN_CONSTANT_CONVERSION = YES;
				CLANG_WARN_DEPRECATED_OBJC_IMPLEMENTATIONS = YES;
				CLANG_WARN_DIRECT_OBJC_ISA_USAGE = YES_ERROR;
				CLANG_WARN_DOCUMENTATION_COMMENTS = YES;
				CLANG_WARN_EMPTY_BODY = YES;
				CLANG_WARN_ENUM_CONVERSION = YES;
				CLANG_WARN_INFINITE_RECURSION = YES;
				CLANG_WARN_INT_CONVERSION = YES;
				CLANG_WARN_NON_LITERAL_NULL_CONVERSION = YES;
				CLANG_WARN_OBJC_IMPLICIT_RETAIN_SELF = YES;
				CLANG_WARN_OBJC_LITERAL_CONVERSION = YES;
				CLANG_WARN_OBJC_ROOT_CLASS = YES_ERROR;
				CLANG_WARN_QUOTED_INCLUDE_IN_FRAMEWORK_HEADER = YES;
				CLANG_WARN_RANGE_LOOP_ANALYSIS = YES;
				CLANG_WARN_STRICT_PROTOTYPES = YES;
				CLANG_WARN_SUSPICIOUS_MOVE = YES;
				CLANG_WARN_UNGUARDED_AVAILABILITY = YES_AGGRESSIVE;
				CLANG_WARN_UNREACHABLE_CODE = YES;
				CLANG_WARN__DUPLICATE_METHOD_MATCH = YES;
				COPY_PHASE_STRIP = NO;
				DEBUG_INFORMATION_FORMAT = "dwarf-with-dsym";
				ENABLE_NS_ASSERTIONS = NO;
				ENABLE_STRICT_OBJC_MSGSEND = YES;
				GCC_C_LANGUAGE_STANDARD = gnu11;
				GCC_NO_COMMON_BLOCKS = YES;
				GCC_WARN_64_TO_32_BIT_CONVERSION = YES;
				GCC_WARN_ABOUT_RETURN_TYPE = YES_ERROR;
				GCC_WARN_UNDECLARED_SELECTOR = YES;
				GCC_WARN_UNINITIALIZED_AUTOS = YES_AGGRESSIVE;
				GCC_WARN_UNUSED_FUNCTION = YES;
				GCC_WARN_UNUSED_VARIABLE = YES;
				IPHONEOS_DEPLOYMENT_TARGET = 15.0;
				MTL_ENABLE_DEBUG_INFO = NO;
				MTL_FAST_MATH = YES;
				SDKROOT = iphoneos;
				SWIFT_COMPILATION_MODE = wholemodule;
				SWIFT_OPTIMIZATION_LEVEL = "-O";
				VALIDATE_PRODUCT = YES;
			};
			name = Release;
		};
		BF02FE942871E44800C0684C /* Debug */ = {
			isa = XCBuildConfiguration;
			buildSettings = {
				ASSETCATALOG_COMPILER_APPICON_NAME = AppIcon;
				ASSETCATALOG_COMPILER_GLOBAL_ACCENT_COLOR_NAME = AccentColor;
				CODE_SIGN_STYLE = Automatic;
				CURRENT_PROJECT_VERSION = 1;
				DEVELOPMENT_ASSET_PATHS = "\"AsyncAlgorithms/Preview Content\"";
				DEVELOPMENT_TEAM = 2937XWQ9VF;
				ENABLE_PREVIEWS = YES;
				GENERATE_INFOPLIST_FILE = YES;
				INFOPLIST_KEY_UIApplicationSceneManifest_Generation = YES;
				INFOPLIST_KEY_UIApplicationSupportsIndirectInputEvents = YES;
				INFOPLIST_KEY_UILaunchScreen_Generation = YES;
				INFOPLIST_KEY_UISupportedInterfaceOrientations_iPad = "UIInterfaceOrientationPortrait UIInterfaceOrientationPortraitUpsideDown UIInterfaceOrientationLandscapeLeft UIInterfaceOrientationLandscapeRight";
				INFOPLIST_KEY_UISupportedInterfaceOrientations_iPhone = "UIInterfaceOrientationPortrait UIInterfaceOrientationLandscapeLeft UIInterfaceOrientationLandscapeRight";
				LD_RUNPATH_SEARCH_PATHS = (
					"$(inherited)",
					"@executable_path/Frameworks",
				);
				MARKETING_VERSION = 1.0;
				PRODUCT_BUNDLE_IDENTIFIER = com.vincentpradeilles.AsyncAlgorithms;
				PRODUCT_NAME = "$(TARGET_NAME)";
				SWIFT_EMIT_LOC_STRINGS = YES;
				SWIFT_VERSION = 5.0;
				TARGETED_DEVICE_FAMILY = "1,2";
			};
			name = Debug;
		};
		BF02FE952871E44800C0684C /* Release */ = {
			isa = XCBuildConfiguration;
			buildSettings = {
				ASSETCATALOG_COMPILER_APPICON_NAME = AppIcon;
				ASSETCATALOG_COMPILER_GLOBAL_ACCENT_COLOR_NAME = AccentColor;
				CODE_SIGN_STYLE = Automatic;
				CURRENT_PROJECT_VERSION = 1;
				DEVELOPMENT_ASSET_PATHS = "\"AsyncAlgorithms/Preview Content\"";
				DEVELOPMENT_TEAM = 2937XWQ9VF;
				ENABLE_PREVIEWS = YES;
				GENERATE_INFOPLIST_FILE = YES;
				INFOPLIST_KEY_UIApplicationSceneManifest_Generation = YES;
				INFOPLIST_KEY_UIApplicationSupportsIndirectInputEvents = YES;
				INFOPLIST_KEY_UILaunchScreen_Generation = YES;
				INFOPLIST_KEY_UISupportedInterfaceOrientations_iPad = "UIInterfaceOrientationPortrait UIInterfaceOrientationPortraitUpsideDown UIInterfaceOrientationLandscapeLeft UIInterfaceOrientationLandscapeRight";
				INFOPLIST_KEY_UISupportedInterfaceOrientations_iPhone = "UIInterfaceOrientationPortrait UIInterfaceOrientationLandscapeLeft UIInterfaceOrientationLandscapeRight";
				LD_RUNPATH_SEARCH_PATHS = (
					"$(inherited)",
					"@executable_path/Frameworks",
				);
				MARKETING_VERSION = 1.0;
				PRODUCT_BUNDLE_IDENTIFIER = com.vincentpradeilles.AsyncAlgorithms;
				PRODUCT_NAME = "$(TARGET_NAME)";
				SWIFT_EMIT_LOC_STRINGS = YES;
				SWIFT_VERSION = 5.0;
				TARGETED_DEVICE_FAMILY = "1,2";
			};
			name = Release;
		};
/* End XCBuildConfiguration section */

/* Begin XCConfigurationList section */
		BF02FE802871E44700C0684C /* Build configuration list for PBXProject "AsyncAlgorithms" */ = {
			isa = XCConfigurationList;
			buildConfigurations = (
				BF02FE912871E44800C0684C /* Debug */,
				BF02FE922871E44800C0684C /* Release */,
			);
			defaultConfigurationIsVisible = 0;
			defaultConfigurationName = Release;
		};
		BF02FE932871E44800C0684C /* Build configuration list for PBXNativeTarget "AsyncAlgorithms" */ = {
			isa = XCConfigurationList;
			buildConfigurations = (
				BF02FE942871E44800C0684C /* Debug */,
				BF02FE952871E44800C0684C /* Release */,
			);
			defaultConfigurationIsVisible = 0;
			defaultConfigurationName = Release;
		};
/* End XCConfigurationList section */
	};
	rootObject = BF02FE7D2871E44700C0684C /* Project object */;
}
