// !$*UTF8*$!
{
	archiveVersion = 1;
	classes = {
	};
	objectVersion = 56;
	objects = {

/* Begin PBXBuildFile section */
		BF929D1228777250002F8F5A /* LiveAsyncAlgorithmsApp.swift in Sources */ = {isa = PBXBuildFile; fileRef = BF929D1128777250002F8F5A /* LiveAsyncAlgorithmsApp.swift */; };
		BF929D1628777251002F8F5A /* Assets.xcassets in Resources */ = {isa = PBXBuildFile; fileRef = BF929D1528777251002F8F5A /* Assets.xcassets */; };
		BF929D1928777251002F8F5A /* Preview Assets.xcassets in Resources */ = {isa = PBXBuildFile; fileRef = BF929D1828777251002F8F5A /* Preview Assets.xcassets */; };
		BF929D202877728F002F8F5A /* Model.swift in Sources */ = {isa = PBXBuildFile; fileRef = BF929D1F2877728F002F8F5A /* Model.swift */; };
		BF929D27287772B8002F8F5A /* EventsViewModel.swift in Sources */ = {isa = PBXBuildFile; fileRef = BF929D25287772B8002F8F5A /* EventsViewModel.swift */; };
		BF929D28287772B8002F8F5A /* EventsView.swift in Sources */ = {isa = PBXBuildFile; fileRef = BF929D26287772B8002F8F5A /* EventsView.swift */; };
		BF929D2C287772C2002F8F5A /* MoviesView.swift in Sources */ = {isa = PBXBuildFile; fileRef = BF929D2A287772C2002F8F5A /* MoviesView.swift */; };
		BF929D2D287772C2002F8F5A /* MoviesViewModel.swift in Sources */ = {isa = PBXBuildFile; fileRef = BF929D2B287772C2002F8F5A /* MoviesViewModel.swift */; };
		BF929D31287772CA002F8F5A /* MovieDetailsViewModel.swift in Sources */ = {isa = PBXBuildFile; fileRef = BF929D2F287772CA002F8F5A /* MovieDetailsViewModel.swift */; };
		BF929D32287772CA002F8F5A /* MovieDetailsView.swift in Sources */ = {isa = PBXBuildFile; fileRef = BF929D30287772CA002F8F5A /* MovieDetailsView.swift */; };
		BF929D352877730E002F8F5A /* AsyncAlgorithms in Frameworks */ = {isa = PBXBuildFile; productRef = BF929D342877730E002F8F5A /* AsyncAlgorithms */; };
/* End PBXBuildFile section */

/* Begin PBXFileReference section */
		BF929D0E28777250002F8F5A /* LiveAsyncAlgorithms.app */ = {isa = PBXFileReference; explicitFileType = wrapper.application; includeInIndex = 0; path = LiveAsyncAlgorithms.app; sourceTree = BUILT_PRODUCTS_DIR; };
		BF929D1128777250002F8F5A /* LiveAsyncAlgorithmsApp.swift */ = {isa = PBXFileReference; lastKnownFileType = sourcecode.swift; path = LiveAsyncAlgorithmsApp.swift; sourceTree = "<group>"; };
		BF929D1528777251002F8F5A /* Assets.xcassets */ = {isa = PBXFileReference; lastKnownFileType = folder.assetcatalog; path = Assets.xcassets; sourceTree = "<group>"; };
		BF929D1828777251002F8F5A /* Preview Assets.xcassets */ = {isa = PBXFileReference; lastKnownFileType = folder.assetcatalog; path = "Preview Assets.xcassets"; sourceTree = "<group>"; };
		BF929D1F2877728F002F8F5A /* Model.swift */ = {isa = PBXFileReference; fileEncoding = 4; lastKnownFileType = sourcecode.swift; path = Model.swift; sourceTree = "<group>"; };
		BF929D25287772B8002F8F5A /* EventsViewModel.swift */ = {isa = PBXFileReference; fileEncoding = 4; lastKnownFileType = sourcecode.swift; path = EventsViewModel.swift; sourceTree = "<group>"; };
		BF929D26287772B8002F8F5A /* EventsView.swift */ = {isa = PBXFileReference; fileEncoding = 4; lastKnownFileType = sourcecode.swift; path = EventsView.swift; sourceTree = "<group>"; };
		BF929D2A287772C2002F8F5A /* MoviesView.swift */ = {isa = PBXFileReference; fileEncoding = 4; lastKnownFileType = sourcecode.swift; path = MoviesView.swift; sourceTree = "<group>"; };
		BF929D2B287772C2002F8F5A /* MoviesViewModel.swift */ = {isa = PBXFileReference; fileEncoding = 4; lastKnownFileType = sourcecode.swift; path = MoviesViewModel.swift; sourceTree = "<group>"; };
		BF929D2F287772CA002F8F5A /* MovieDetailsViewModel.swift */ = {isa = PBXFileReference; fileEncoding = 4; lastKnownFileType = sourcecode.swift; path = MovieDetailsViewModel.swift; sourceTree = "<group>"; };
		BF929D30287772CA002F8F5A /* MovieDetailsView.swift */ = {isa = PBXFileReference; fileEncoding = 4; lastKnownFileType = sourcecode.swift; path = MovieDetailsView.swift; sourceTree = "<group>"; };
/* End PBXFileReference section */

/* Begin PBXFrameworksBuildPhase section */
		BF929D0B28777250002F8F5A /* Frameworks */ = {
			isa = PBXFrameworksBuildPhase;
			buildActionMask = 2147483647;
			files = (
				BF929D352877730E002F8F5A /* AsyncAlgorithms in Frameworks */,
			);
			runOnlyForDeploymentPostprocessing = 0;
		};
/* End PBXFrameworksBuildPhase section */

/* Begin PBXGroup section */
		BF929D0528777250002F8F5A = {
			isa = PBXGroup;
			children = (
				BF929D1028777250002F8F5A /* LiveAsyncAlgorithms */,
				BF929D0F28777250002F8F5A /* Products */,
			);
			sourceTree = "<group>";
		};
		BF929D0F28777250002F8F5A /* Products */ = {
			isa = PBXGroup;
			children = (
				BF929D0E28777250002F8F5A /* LiveAsyncAlgorithms.app */,
			);
			name = Products;
			sourceTree = "<group>";
		};
		BF929D1028777250002F8F5A /* LiveAsyncAlgorithms */ = {
			isa = PBXGroup;
			children = (
				BF929D24287772B8002F8F5A /* Events */,
				BF929D29287772C2002F8F5A /* Movies */,
				BF929D2E287772CA002F8F5A /* MovieDetails */,
				BF929D1128777250002F8F5A /* LiveAsyncAlgorithmsApp.swift */,
				BF929D1F2877728F002F8F5A /* Model.swift */,
				BF929D1528777251002F8F5A /* Assets.xcassets */,
				BF929D1728777251002F8F5A /* Preview Content */,
			);
			path = LiveAsyncAlgorithms;
			sourceTree = "<group>";
		};
		BF929D1728777251002F8F5A /* Preview Content */ = {
			isa = PBXGroup;
			children = (
				BF929D1828777251002F8F5A /* Preview Assets.xcassets */,
			);
			path = "Preview Content";
			sourceTree = "<group>";
		};
		BF929D24287772B8002F8F5A /* Events */ = {
			isa = PBXGroup;
			children = (
				BF929D26287772B8002F8F5A /* EventsView.swift */,
				BF929D25287772B8002F8F5A /* EventsViewModel.swift */,
			);
			path = Events;
			sourceTree = "<group>";
		};
		BF929D29287772C2002F8F5A /* Movies */ = {
			isa = PBXGroup;
			children = (
				BF929D2A287772C2002F8F5A /* MoviesView.swift */,
				BF929D2B287772C2002F8F5A /* MoviesViewModel.swift */,
			);
			path = Movies;
			sourceTree = "<group>";
		};
		BF929D2E287772CA002F8F5A /* MovieDetails */ = {
			isa = PBXGroup;
			children = (
				BF929D30287772CA002F8F5A /* MovieDetailsView.swift */,
				BF929D2F287772CA002F8F5A /* MovieDetailsViewModel.swift */,
			);
			path = MovieDetails;
			sourceTree = "<group>";
		};
/* End PBXGroup section */

/* Begin PBXNativeTarget section */
		BF929D0D28777250002F8F5A /* LiveAsyncAlgorithms */ = {
			isa = PBXNativeTarget;
			buildConfigurationList = BF929D1C28777251002F8F5A /* Build configuration list for PBXNativeTarget "LiveAsyncAlgorithms" */;
			buildPhases = (
				BF929D0A28777250002F8F5A /* Sources */,
				BF929D0B28777250002F8F5A /* Frameworks */,
				BF929D0C28777250002F8F5A /* Resources */,
			);
			buildRules = (
			);
			dependencies = (
			);
			name = LiveAsyncAlgorithms;
			packageProductDependencies = (
				BF929D342877730E002F8F5A /* AsyncAlgorithms */,
			);
			productName = LiveAsyncAlgorithms;
			productReference = BF929D0E28777250002F8F5A /* LiveAsyncAlgorithms.app */;
			productType = "com.apple.product-type.application";
		};
/* End PBXNativeTarget section */

/* Begin PBXProject section */
		BF929D0628777250002F8F5A /* Project object */ = {
			isa = PBXProject;
			attributes = {
				BuildIndependentTargetsInParallel = 1;
				LastSwiftUpdateCheck = 1400;
				LastUpgradeCheck = 1400;
				TargetAttributes = {
					BF929D0D28777250002F8F5A = {
						CreatedOnToolsVersion = 14.0;
					};
				};
			};
			buildConfigurationList = BF929D0928777250002F8F5A /* Build configuration list for PBXProject "LiveAsyncAlgorithms" */;
			compatibilityVersion = "Xcode 14.0";
			developmentRegion = en;
			hasScannedForEncodings = 0;
			knownRegions = (
				en,
				Base,
			);
			mainGroup = BF929D0528777250002F8F5A;
			packageReferences = (
				BF929D332877730E002F8F5A /* XCRemoteSwiftPackageReference "swift-async-algorithms" */,
			);
			productRefGroup = BF929D0F28777250002F8F5A /* Products */;
			projectDirPath = "";
			projectRoot = "";
			targets = (
				BF929D0D28777250002F8F5A /* LiveAsyncAlgorithms */,
			);
		};
/* End PBXProject section */

/* Begin PBXResourcesBuildPhase section */
		BF929D0C28777250002F8F5A /* Resources */ = {
			isa = PBXResourcesBuildPhase;
			buildActionMask = 2147483647;
			files = (
				BF929D1928777251002F8F5A /* Preview Assets.xcassets in Resources */,
				BF929D1628777251002F8F5A /* Assets.xcassets in Resources */,
			);
			runOnlyForDeploymentPostprocessing = 0;
		};
/* End PBXResourcesBuildPhase section */

/* Begin PBXSourcesBuildPhase section */
		BF929D0A28777250002F8F5A /* Sources */ = {
			isa = PBXSourcesBuildPhase;
			buildActionMask = 2147483647;
			files = (
				BF929D31287772CA002F8F5A /* MovieDetailsViewModel.swift in Sources */,
				BF929D2C287772C2002F8F5A /* MoviesView.swift in Sources */,
				BF929D32287772CA002F8F5A /* MovieDetailsView.swift in Sources */,
				BF929D2D287772C2002F8F5A /* MoviesViewModel.swift in Sources */,
				BF929D27287772B8002F8F5A /* EventsViewModel.swift in Sources */,
				BF929D1228777250002F8F5A /* LiveAsyncAlgorithmsApp.swift in Sources */,
				BF929D202877728F002F8F5A /* Model.swift in Sources */,
				BF929D28287772B8002F8F5A /* EventsView.swift in Sources */,
			);
			runOnlyForDeploymentPostprocessing = 0;
		};
/* End PBXSourcesBuildPhase section */

/* Begin XCBuildConfiguration section */
		BF929D1A28777251002F8F5A /* Debug */ = {
			isa = XCBuildConfiguration;
			buildSettings = {
				ALWAYS_SEARCH_USER_PATHS = NO;
				CLANG_ANALYZER_NONNULL = YES;
				CLANG_ANALYZER_NUMBER_OBJECT_CONVERSION = YES_AGGRESSIVE;
				CLANG_CXX_LANGUAGE_STANDARD = "gnu++20";
				CLANG_ENABLE_MODULES = YES;
				CLANG_ENABLE_OBJC_ARC = YES;
				CLANG_ENABLE_OBJC_WEAK = YES;
				CLANG_WARN_BLOCK_CAPTURE_AUTORELEASING = YES;
				CLANG_WARN_BOOL_CONVERSION = YES;
				CLANG_WARN_COMMA = YES;
				CLANG_WARN_CONSTANT_CONVERSION = YES;
				CLANG_WARN_DEPRECATED_OBJC_IMPLEMENTATIONS = YES;
				CLANG_WARN_DIRECT_OBJC_ISA_USAGE = YES_ERROR;
				CLANG_WARN_DOCUMENTATION_COMMENTS = YES;
				CLANG_WARN_EMPTY_BODY = YES;
				CLANG_WARN_ENUM_CONVERSION = YES;
				CLANG_WARN_INFINITE_RECURSION = YES;
				CLANG_WARN_INT_CONVERSION = YES;
				CLANG_WARN_NON_LITERAL_NULL_CONVERSION = YES;
				CLANG_WARN_OBJC_IMPLICIT_RETAIN_SELF = YES;
				CLANG_WARN_OBJC_LITERAL_CONVERSION = YES;
				CLANG_WARN_OBJC_ROOT_CLASS = YES_ERROR;
				CLANG_WARN_QUOTED_INCLUDE_IN_FRAMEWORK_HEADER = YES;
				CLANG_WARN_RANGE_LOOP_ANALYSIS = YES;
				CLANG_WARN_STRICT_PROTOTYPES = YES;
				CLANG_WARN_SUSPICIOUS_MOVE = YES;
				CLANG_WARN_UNGUARDED_AVAILABILITY = YES_AGGRESSIVE;
				CLANG_WARN_UNREACHABLE_CODE = YES;
				CLANG_WARN__DUPLICATE_METHOD_MATCH = YES;
				COPY_PHASE_STRIP = NO;
				DEBUG_INFORMATION_FORMAT = dwarf;
				ENABLE_STRICT_OBJC_MSGSEND = YES;
				ENABLE_TESTABILITY = YES;
				GCC_C_LANGUAGE_STANDARD = gnu11;
				GCC_DYNAMIC_NO_PIC = NO;
				GCC_NO_COMMON_BLOCKS = YES;
				GCC_OPTIMIZATION_LEVEL = 0;
				GCC_PREPROCESSOR_DEFINITIONS = (
					"DEBUG=1",
					"$(inherited)",
				);
				GCC_WARN_64_TO_32_BIT_CONVERSION = YES;
				GCC_WARN_ABOUT_RETURN_TYPE = YES_ERROR;
				GCC_WARN_UNDECLARED_SELECTOR = YES;
				GCC_WARN_UNINITIALIZED_AUTOS = YES_AGGRESSIVE;
				GCC_WARN_UNUSED_FUNCTION = YES;
				GCC_WARN_UNUSED_VARIABLE = YES;
				IPHONEOS_DEPLOYMENT_TARGET = 16.0;
				MTL_ENABLE_DEBUG_INFO = INCLUDE_SOURCE;
				MTL_FAST_MATH = YES;
				ONLY_ACTIVE_ARCH = YES;
				SDKROOT = iphoneos;
				SWIFT_ACTIVE_COMPILATION_CONDITIONS = DEBUG;
				SWIFT_OPTIMIZATION_LEVEL = "-Onone";
			};
			name = Debug;
		};
		BF929D1B28777251002F8F5A /* Release */ = {
			isa = XCBuildConfiguration;
			buildSettings = {
				ALWAYS_SEARCH_USER_PATHS = NO;
				CLANG_ANALYZER_NONNULL = YES;
				CLANG_ANALYZER_NUMBER_OBJECT_CONVERSION = YES_AGGRESSIVE;
				CLANG_CXX_LANGUAGE_STANDARD = "gnu++20";
				CLANG_ENABLE_MODULES = YES;
				CLANG_ENABLE_OBJC_ARC = YES;
				CLANG_ENABLE_OBJC_WEAK = YES;
				CLANG_WARN_BLOCK_CAPTURE_AUTORELEASING = YES;
				CLANG_WARN_BOOL_CONVERSION = YES;
				CLANG_WARN_COMMA = YES;
				CLANG_WARN_CONSTANT_CONVERSION = YES;
				CLANG_WARN_DEPRECATED_OBJC_IMPLEMENTATIONS = YES;
				CLANG_WARN_DIRECT_OBJC_ISA_USAGE = YES_ERROR;
				CLANG_WARN_DOCUMENTATION_COMMENTS = YES;
				CLANG_WARN_EMPTY_BODY = YES;
				CLANG_WARN_ENUM_CONVERSION = YES;
				CLANG_WARN_INFINITE_RECURSION = YES;
				CLANG_WARN_INT_CONVERSION = YES;
				CLANG_WARN_NON_LITERAL_NULL_CONVERSION = YES;
				CLANG_WARN_OBJC_IMPLICIT_RETAIN_SELF = YES;
				CLANG_WARN_OBJC_LITERAL_CONVERSION = YES;
				CLANG_WARN_OBJC_ROOT_CLASS = YES_ERROR;
				CLANG_WARN_QUOTED_INCLUDE_IN_FRAMEWORK_HEADER = YES;
				CLANG_WARN_RANGE_LOOP_ANALYSIS = YES;
				CLANG_WARN_STRICT_PROTOTYPES = YES;
				CLANG_WARN_SUSPICIOUS_MOVE = YES;
				CLANG_WARN_UNGUARDED_AVAILABILITY = YES_AGGRESSIVE;
				CLANG_WARN_UNREACHABLE_CODE = YES;
				CLANG_WARN__DUPLICATE_METHOD_MATCH = YES;
				COPY_PHASE_STRIP = NO;
				DEBUG_INFORMATION_FORMAT = "dwarf-with-dsym";
				ENABLE_NS_ASSERTIONS = NO;
				ENABLE_STRICT_OBJC_MSGSEND = YES;
				GCC_C_LANGUAGE_STANDARD = gnu11;
				GCC_NO_COMMON_BLOCKS = YES;
				GCC_WARN_64_TO_32_BIT_CONVERSION = YES;
				GCC_WARN_ABOUT_RETURN_TYPE = YES_ERROR;
				GCC_WARN_UNDECLARED_SELECTOR = YES;
				GCC_WARN_UNINITIALIZED_AUTOS = YES_AGGRESSIVE;
				GCC_WARN_UNUSED_FUNCTION = YES;
				GCC_WARN_UNUSED_VARIABLE = YES;
				IPHONEOS_DEPLOYMENT_TARGET = 16.0;
				MTL_ENABLE_DEBUG_INFO = NO;
				MTL_FAST_MATH = YES;
				SDKROOT = iphoneos;
				SWIFT_COMPILATION_MODE = wholemodule;
				SWIFT_OPTIMIZATION_LEVEL = "-O";
				VALIDATE_PRODUCT = YES;
			};
			name = Release;
		};
		BF929D1D28777251002F8F5A /* Debug */ = {
			isa = XCBuildConfiguration;
			buildSettings = {
				ASSETCATALOG_COMPILER_APPICON_NAME = AppIcon;
				ASSETCATALOG_COMPILER_GLOBAL_ACCENT_COLOR_NAME = AccentColor;
				CODE_SIGN_STYLE = Automatic;
				CURRENT_PROJECT_VERSION = 1;
				DEVELOPMENT_ASSET_PATHS = "\"LiveAsyncAlgorithms/Preview Content\"";
				DEVELOPMENT_TEAM = 2937XWQ9VF;
				ENABLE_PREVIEWS = YES;
				GENERATE_INFOPLIST_FILE = YES;
				INFOPLIST_KEY_UIApplicationSceneManifest_Generation = YES;
				INFOPLIST_KEY_UIApplicationSupportsIndirectInputEvents = YES;
				INFOPLIST_KEY_UILaunchScreen_Generation = YES;
				INFOPLIST_KEY_UISupportedInterfaceOrientations_iPad = "UIInterfaceOrientationPortrait UIInterfaceOrientationPortraitUpsideDown UIInterfaceOrientationLandscapeLeft UIInterfaceOrientationLandscapeRight";
				INFOPLIST_KEY_UISupportedInterfaceOrientations_iPhone = "UIInterfaceOrientationPortrait UIInterfaceOrientationLandscapeLeft UIInterfaceOrientationLandscapeRight";
				LD_RUNPATH_SEARCH_PATHS = (
					"$(inherited)",
					"@executable_path/Frameworks",
				);
				MARKETING_VERSION = 1.0;
				PRODUCT_BUNDLE_IDENTIFIER = com.vincentpradeilles.LiveAsyncAlgorithms;
				PRODUCT_NAME = "$(TARGET_NAME)";
				SWIFT_EMIT_LOC_STRINGS = YES;
				SWIFT_VERSION = 5.0;
				TARGETED_DEVICE_FAMILY = "1,2";
			};
			name = Debug;
		};
		BF929D1E28777251002F8F5A /* Release */ = {
			isa = XCBuildConfiguration;
			buildSettings = {
				ASSETCATALOG_COMPILER_APPICON_NAME = AppIcon;
				ASSETCATALOG_COMPILER_GLOBAL_ACCENT_COLOR_NAME = AccentColor;
				CODE_SIGN_STYLE = Automatic;
				CURRENT_PROJECT_VERSION = 1;
				DEVELOPMENT_ASSET_PATHS = "\"LiveAsyncAlgorithms/Preview Content\"";
				DEVELOPMENT_TEAM = 2937XWQ9VF;
				ENABLE_PREVIEWS = YES;
				GENERATE_INFOPLIST_FILE = YES;
				INFOPLIST_KEY_UIApplicationSceneManifest_Generation = YES;
				INFOPLIST_KEY_UIApplicationSupportsIndirectInputEvents = YES;
				INFOPLIST_KEY_UILaunchScreen_Generation = YES;
				INFOPLIST_KEY_UISupportedInterfaceOrientations_iPad = "UIInterfaceOrientationPortrait UIInterfaceOrientationPortraitUpsideDown UIInterfaceOrientationLandscapeLeft UIInterfaceOrientationLandscapeRight";
				INFOPLIST_KEY_UISupportedInterfaceOrientations_iPhone = "UIInterfaceOrientationPortrait UIInterfaceOrientationLandscapeLeft UIInterfaceOrientationLandscapeRight";
				LD_RUNPATH_SEARCH_PATHS = (
					"$(inherited)",
					"@executable_path/Frameworks",
				);
				MARKETING_VERSION = 1.0;
				PRODUCT_BUNDLE_IDENTIFIER = com.vincentpradeilles.LiveAsyncAlgorithms;
				PRODUCT_NAME = "$(TARGET_NAME)";
				SWIFT_EMIT_LOC_STRINGS = YES;
				SWIFT_VERSION = 5.0;
				TARGETED_DEVICE_FAMILY = "1,2";
			};
			name = Release;
		};
/* End XCBuildConfiguration section */

/* Begin XCConfigurationList section */
		BF929D0928777250002F8F5A /* Build configuration list for PBXProject "LiveAsyncAlgorithms" */ = {
			isa = XCConfigurationList;
			buildConfigurations = (
				BF929D1A28777251002F8F5A /* Debug */,
				BF929D1B28777251002F8F5A /* Release */,
			);
			defaultConfigurationIsVisible = 0;
			defaultConfigurationName = Release;
		};
		BF929D1C28777251002F8F5A /* Build configuration list for PBXNativeTarget "LiveAsyncAlgorithms" */ = {
			isa = XCConfigurationList;
			buildConfigurations = (
				BF929D1D28777251002F8F5A /* Debug */,
				BF929D1E28777251002F8F5A /* Release */,
			);
			defaultConfigurationIsVisible = 0;
			defaultConfigurationName = Release;
		};
/* End XCConfigurationList section */

/* Begin XCRemoteSwiftPackageReference section */
		BF929D332877730E002F8F5A /* XCRemoteSwiftPackageReference "swift-async-algorithms" */ = {
			isa = XCRemoteSwiftPackageReference;
			repositoryURL = "https://github.com/apple/swift-async-algorithms";
			requirement = {
				kind = upToNextMajorVersion;
				minimumVersion = 0.0.3;
			};
		};
/* End XCRemoteSwiftPackageReference section */

/* Begin XCSwiftPackageProductDependency section */
		BF929D342877730E002F8F5A /* AsyncAlgorithms */ = {
			isa = XCSwiftPackageProductDependency;
			package = BF929D332877730E002F8F5A /* XCRemoteSwiftPackageReference "swift-async-algorithms" */;
			productName = AsyncAlgorithms;
		};
/* End XCSwiftPackageProductDependency section */
	};
	rootObject = BF929D0628777250002F8F5A /* Project object */;
}
